// !$*UTF8*$!
{
	archiveVersion = 1;
	classes = {
	};
	objectVersion = 55;
	objects = {

/* Begin PBXBuildFile section */
		F1FF357828412416002ED142 /* AppDelegate.swift in Sources */ = {isa = PBXBuildFile; fileRef = F1FF357728412416002ED142 /* AppDelegate.swift */; };
		F1FF357A28412416002ED142 /* SceneDelegate.swift in Sources */ = {isa = PBXBuildFile; fileRef = F1FF357928412416002ED142 /* SceneDelegate.swift */; };
		F1FF357C28412416002ED142 /* ViewController.swift in Sources */ = {isa = PBXBuildFile; fileRef = F1FF357B28412416002ED142 /* ViewController.swift */; };
		F1FF357F28412416002ED142 /* Main.storyboard in Resources */ = {isa = PBXBuildFile; fileRef = F1FF357D28412416002ED142 /* Main.storyboard */; };
		F1FF358128412416002ED142 /* Assets.xcassets in Resources */ = {isa = PBXBuildFile; fileRef = F1FF358028412416002ED142 /* Assets.xcassets */; };
		F1FF358428412416002ED142 /* LaunchScreen.storyboard in Resources */ = {isa = PBXBuildFile; fileRef = F1FF358228412416002ED142 /* LaunchScreen.storyboard */; };
		F1FF358F28412416002ED142 /* VM_appTests.swift in Sources */ = {isa = PBXBuildFile; fileRef = F1FF358E28412416002ED142 /* VM_appTests.swift */; };
		F1FF359928412416002ED142 /* VM_appUITests.swift in Sources */ = {isa = PBXBuildFile; fileRef = F1FF359828412416002ED142 /* VM_appUITests.swift */; };
		F1FF359B28412416002ED142 /* VM_appUITestsLaunchTests.swift in Sources */ = {isa = PBXBuildFile; fileRef = F1FF359A28412416002ED142 /* VM_appUITestsLaunchTests.swift */; };
/* End PBXBuildFile section */

/* Begin PBXContainerItemProxy section */
		F1FF358B28412416002ED142 /* PBXContainerItemProxy */ = {
			isa = PBXContainerItemProxy;
			containerPortal = F1FF356C28412416002ED142 /* Project object */;
			proxyType = 1;
			remoteGlobalIDString = F1FF357328412416002ED142;
			remoteInfo = VM_app;
		};
		F1FF359528412416002ED142 /* PBXContainerItemProxy */ = {
			isa = PBXContainerItemProxy;
			containerPortal = F1FF356C28412416002ED142 /* Project object */;
			proxyType = 1;
			remoteGlobalIDString = F1FF357328412416002ED142;
			remoteInfo = VM_app;
		};
/* End PBXContainerItemProxy section */

/* Begin PBXFileReference section */
		F1FF357428412416002ED142 /* VM_app.app */ = {isa = PBXFileReference; explicitFileType = wrapper.application; includeInIndex = 0; path = VM_app.app; sourceTree = BUILT_PRODUCTS_DIR; };
		F1FF357728412416002ED142 /* AppDelegate.swift */ = {isa = PBXFileReference; lastKnownFileType = sourcecode.swift; path = AppDelegate.swift; sourceTree = "<group>"; };
		F1FF357928412416002ED142 /* SceneDelegate.swift */ = {isa = PBXFileReference; lastKnownFileType = sourcecode.swift; path = SceneDelegate.swift; sourceTree = "<group>"; };
		F1FF357B28412416002ED142 /* ViewController.swift */ = {isa = PBXFileReference; lastKnownFileType = sourcecode.swift; path = ViewController.swift; sourceTree = "<group>"; };
		F1FF357E28412416002ED142 /* Base */ = {isa = PBXFileReference; lastKnownFileType = file.storyboard; name = Base; path = Base.lproj/Main.storyboard; sourceTree = "<group>"; };
		F1FF358028412416002ED142 /* Assets.xcassets */ = {isa = PBXFileReference; lastKnownFileType = folder.assetcatalog; path = Assets.xcassets; sourceTree = "<group>"; };
		F1FF358328412416002ED142 /* Base */ = {isa = PBXFileReference; lastKnownFileType = file.storyboard; name = Base; path = Base.lproj/LaunchScreen.storyboard; sourceTree = "<group>"; };
		F1FF358528412416002ED142 /* Info.plist */ = {isa = PBXFileReference; lastKnownFileType = text.plist.xml; path = Info.plist; sourceTree = "<group>"; };
		F1FF358A28412416002ED142 /* VM_appTests.xctest */ = {isa = PBXFileReference; explicitFileType = wrapper.cfbundle; includeInIndex = 0; path = VM_appTests.xctest; sourceTree = BUILT_PRODUCTS_DIR; };
		F1FF358E28412416002ED142 /* VM_appTests.swift */ = {isa = PBXFileReference; lastKnownFileType = sourcecode.swift; path = VM_appTests.swift; sourceTree = "<group>"; };
		F1FF359428412416002ED142 /* VM_appUITests.xctest */ = {isa = PBXFileReference; explicitFileType = wrapper.cfbundle; includeInIndex = 0; path = VM_appUITests.xctest; sourceTree = BUILT_PRODUCTS_DIR; };
		F1FF359828412416002ED142 /* VM_appUITests.swift */ = {isa = PBXFileReference; lastKnownFileType = sourcecode.swift; path = VM_appUITests.swift; sourceTree = "<group>"; };
		F1FF359A28412416002ED142 /* VM_appUITestsLaunchTests.swift */ = {isa = PBXFileReference; lastKnownFileType = sourcecode.swift; path = VM_appUITestsLaunchTests.swift; sourceTree = "<group>"; };
/* End PBXFileReference section */

/* Begin PBXFrameworksBuildPhase section */
		F1FF357128412416002ED142 /* Frameworks */ = {
			isa = PBXFrameworksBuildPhase;
			buildActionMask = 2147483647;
			files = (
			);
			runOnlyForDeploymentPostprocessing = 0;
		};
		F1FF358728412416002ED142 /* Frameworks */ = {
			isa = PBXFrameworksBuildPhase;
			buildActionMask = 2147483647;
			files = (
			);
			runOnlyForDeploymentPostprocessing = 0;
		};
		F1FF359128412416002ED142 /* Frameworks */ = {
			isa = PBXFrameworksBuildPhase;
			buildActionMask = 2147483647;
			files = (
			);
			runOnlyForDeploymentPostprocessing = 0;
		};
/* End PBXFrameworksBuildPhase section */

/* Begin PBXGroup section */
		F1FF356B28412416002ED142 = {
			isa = PBXGroup;
			children = (
				F1FF357628412416002ED142 /* VM_app */,
				F1FF358D28412416002ED142 /* VM_appTests */,
				F1FF359728412416002ED142 /* VM_appUITests */,
				F1FF357528412416002ED142 /* Products */,
			);
			sourceTree = "<group>";
		};
		F1FF357528412416002ED142 /* Products */ = {
			isa = PBXGroup;
			children = (
				F1FF357428412416002ED142 /* VM_app.app */,
				F1FF358A28412416002ED142 /* VM_appTests.xctest */,
				F1FF359428412416002ED142 /* VM_appUITests.xctest */,
			);
			name = Products;
			sourceTree = "<group>";
		};
		F1FF357628412416002ED142 /* VM_app */ = {
			isa = PBXGroup;
			children = (
				F1FF357728412416002ED142 /* AppDelegate.swift */,
				F1FF357928412416002ED142 /* SceneDelegate.swift */,
				F1FF357B28412416002ED142 /* ViewController.swift */,
				F1FF357D28412416002ED142 /* Main.storyboard */,
				F1FF358028412416002ED142 /* Assets.xcassets */,
				F1FF358228412416002ED142 /* LaunchScreen.storyboard */,
				F1FF358528412416002ED142 /* Info.plist */,
			);
			path = VM_app;
			sourceTree = "<group>";
		};
		F1FF358D28412416002ED142 /* VM_appTests */ = {
			isa = PBXGroup;
			children = (
				F1FF358E28412416002ED142 /* VM_appTests.swift */,
			);
			path = VM_appTests;
			sourceTree = "<group>";
		};
		F1FF359728412416002ED142 /* VM_appUITests */ = {
			isa = PBXGroup;
			children = (
				F1FF359828412416002ED142 /* VM_appUITests.swift */,
				F1FF359A28412416002ED142 /* VM_appUITestsLaunchTests.swift */,
			);
			path = VM_appUITests;
			sourceTree = "<group>";
		};
/* End PBXGroup section */

/* Begin PBXNativeTarget section */
		F1FF357328412416002ED142 /* VM_app */ = {
			isa = PBXNativeTarget;
			buildConfigurationList = F1FF359E28412416002ED142 /* Build configuration list for PBXNativeTarget "VM_app" */;
			buildPhases = (
				F1FF357028412416002ED142 /* Sources */,
				F1FF357128412416002ED142 /* Frameworks */,
				F1FF357228412416002ED142 /* Resources */,
			);
			buildRules = (
			);
			dependencies = (
			);
			name = VM_app;
			productName = VM_app;
			productReference = F1FF357428412416002ED142 /* VM_app.app */;
			productType = "com.apple.product-type.application";
		};
		F1FF358928412416002ED142 /* VM_appTests */ = {
			isa = PBXNativeTarget;
			buildConfigurationList = F1FF35A128412416002ED142 /* Build configuration list for PBXNativeTarget "VM_appTests" */;
			buildPhases = (
				F1FF358628412416002ED142 /* Sources */,
				F1FF358728412416002ED142 /* Frameworks */,
				F1FF358828412416002ED142 /* Resources */,
			);
			buildRules = (
			);
			dependencies = (
				F1FF358C28412416002ED142 /* PBXTargetDependency */,
			);
			name = VM_appTests;
			productName = VM_appTests;
			productReference = F1FF358A28412416002ED142 /* VM_appTests.xctest */;
			productType = "com.apple.product-type.bundle.unit-test";
		};
		F1FF359328412416002ED142 /* VM_appUITests */ = {
			isa = PBXNativeTarget;
			buildConfigurationList = F1FF35A428412416002ED142 /* Build configuration list for PBXNativeTarget "VM_appUITests" */;
			buildPhases = (
				F1FF359028412416002ED142 /* Sources */,
				F1FF359128412416002ED142 /* Frameworks */,
				F1FF359228412416002ED142 /* Resources */,
			);
			buildRules = (
			);
			dependencies = (
				F1FF359628412416002ED142 /* PBXTargetDependency */,
			);
			name = VM_appUITests;
			productName = VM_appUITests;
			productReference = F1FF359428412416002ED142 /* VM_appUITests.xctest */;
			productType = "com.apple.product-type.bundle.ui-testing";
		};
/* End PBXNativeTarget section */

/* Begin PBXProject section */
		F1FF356C28412416002ED142 /* Project object */ = {
			isa = PBXProject;
			attributes = {
				BuildIndependentTargetsInParallel = 1;
				LastSwiftUpdateCheck = 1340;
				LastUpgradeCheck = 1340;
				TargetAttributes = {
					F1FF357328412416002ED142 = {
						CreatedOnToolsVersion = 13.4;
					};
					F1FF358928412416002ED142 = {
						CreatedOnToolsVersion = 13.4;
						TestTargetID = F1FF357328412416002ED142;
					};
					F1FF359328412416002ED142 = {
						CreatedOnToolsVersion = 13.4;
						TestTargetID = F1FF357328412416002ED142;
					};
				};
			};
			buildConfigurationList = F1FF356F28412416002ED142 /* Build configuration list for PBXProject "VM_app" */;
			compatibilityVersion = "Xcode 13.0";
			developmentRegion = en;
			hasScannedForEncodings = 0;
			knownRegions = (
				en,
				Base,
			);
			mainGroup = F1FF356B28412416002ED142;
			productRefGroup = F1FF357528412416002ED142 /* Products */;
			projectDirPath = "";
			projectRoot = "";
			targets = (
				F1FF357328412416002ED142 /* VM_app */,
				F1FF358928412416002ED142 /* VM_appTests */,
				F1FF359328412416002ED142 /* VM_appUITests */,
			);
		};
/* End PBXProject section */

/* Begin PBXResourcesBuildPhase section */
		F1FF357228412416002ED142 /* Resources */ = {
			isa = PBXResourcesBuildPhase;
			buildActionMask = 2147483647;
			files = (
				F1FF358428412416002ED142 /* LaunchScreen.storyboard in Resources */,
				F1FF358128412416002ED142 /* Assets.xcassets in Resources */,
				F1FF357F28412416002ED142 /* Main.storyboard in Resources */,
			);
			runOnlyForDeploymentPostprocessing = 0;
		};
		F1FF358828412416002ED142 /* Resources */ = {
			isa = PBXResourcesBuildPhase;
			buildActionMask = 2147483647;
			files = (
			);
			runOnlyForDeploymentPostprocessing = 0;
		};
		F1FF359228412416002ED142 /* Resources */ = {
			isa = PBXResourcesBuildPhase;
			buildActionMask = 2147483647;
			files = (
			);
			runOnlyForDeploymentPostprocessing = 0;
		};
/* End PBXResourcesBuildPhase section */

/* Begin PBXSourcesBuildPhase section */
		F1FF357028412416002ED142 /* Sources */ = {
			isa = PBXSourcesBuildPhase;
			buildActionMask = 2147483647;
			files = (
				F1FF357C28412416002ED142 /* ViewController.swift in Sources */,
				F1FF357828412416002ED142 /* AppDelegate.swift in Sources */,
				F1FF357A28412416002ED142 /* SceneDelegate.swift in Sources */,
			);
			runOnlyForDeploymentPostprocessing = 0;
		};
		F1FF358628412416002ED142 /* Sources */ = {
			isa = PBXSourcesBuildPhase;
			buildActionMask = 2147483647;
			files = (
				F1FF358F28412416002ED142 /* VM_appTests.swift in Sources */,
			);
			runOnlyForDeploymentPostprocessing = 0;
		};
		F1FF359028412416002ED142 /* Sources */ = {
			isa = PBXSourcesBuildPhase;
			buildActionMask = 2147483647;
			files = (
				F1FF359928412416002ED142 /* VM_appUITests.swift in Sources */,
				F1FF359B28412416002ED142 /* VM_appUITestsLaunchTests.swift in Sources */,
			);
			runOnlyForDeploymentPostprocessing = 0;
		};
/* End PBXSourcesBuildPhase section */

/* Begin PBXTargetDependency section */
		F1FF358C28412416002ED142 /* PBXTargetDependency */ = {
			isa = PBXTargetDependency;
			target = F1FF357328412416002ED142 /* VM_app */;
			targetProxy = F1FF358B28412416002ED142 /* PBXContainerItemProxy */;
		};
		F1FF359628412416002ED142 /* PBXTargetDependency */ = {
			isa = PBXTargetDependency;
			target = F1FF357328412416002ED142 /* VM_app */;
			targetProxy = F1FF359528412416002ED142 /* PBXContainerItemProxy */;
		};
/* End PBXTargetDependency section */

/* Begin PBXVariantGroup section */
		F1FF357D28412416002ED142 /* Main.storyboard */ = {
			isa = PBXVariantGroup;
			children = (
				F1FF357E28412416002ED142 /* Base */,
			);
			name = Main.storyboard;
			sourceTree = "<group>";
		};
		F1FF358228412416002ED142 /* LaunchScreen.storyboard */ = {
			isa = PBXVariantGroup;
			children = (
				F1FF358328412416002ED142 /* Base */,
			);
			name = LaunchScreen.storyboard;
			sourceTree = "<group>";
		};
/* End PBXVariantGroup section */

/* Begin XCBuildConfiguration section */
		F1FF359C28412416002ED142 /* Debug */ = {
			isa = XCBuildConfiguration;
			buildSettings = {
				ALWAYS_SEARCH_USER_PATHS = NO;
				CLANG_ANALYZER_NONNULL = YES;
				CLANG_ANALYZER_NUMBER_OBJECT_CONVERSION = YES_AGGRESSIVE;
				CLANG_CXX_LANGUAGE_STANDARD = "gnu++17";
				CLANG_ENABLE_MODULES = YES;
				CLANG_ENABLE_OBJC_ARC = YES;
				CLANG_ENABLE_OBJC_WEAK = YES;
				CLANG_WARN_BLOCK_CAPTURE_AUTORELEASING = YES;
				CLANG_WARN_BOOL_CONVERSION = YES;
				CLANG_WARN_COMMA = YES;
				CLANG_WARN_CONSTANT_CONVERSION = YES;
				CLANG_WARN_DEPRECATED_OBJC_IMPLEMENTATIONS = YES;
				CLANG_WARN_DIRECT_OBJC_ISA_USAGE = YES_ERROR;
				CLANG_WARN_DOCUMENTATION_COMMENTS = YES;
				CLANG_WARN_EMPTY_BODY = YES;
				CLANG_WARN_ENUM_CONVERSION = YES;
				CLANG_WARN_INFINITE_RECURSION = YES;
				CLANG_WARN_INT_CONVERSION = YES;
				CLANG_WARN_NON_LITERAL_NULL_CONVERSION = YES;
				CLANG_WARN_OBJC_IMPLICIT_RETAIN_SELF = YES;
				CLANG_WARN_OBJC_LITERAL_CONVERSION = YES;
				CLANG_WARN_OBJC_ROOT_CLASS = YES_ERROR;
				CLANG_WARN_QUOTED_INCLUDE_IN_FRAMEWORK_HEADER = YES;
				CLANG_WARN_RANGE_LOOP_ANALYSIS = YES;
				CLANG_WARN_STRICT_PROTOTYPES = YES;
				CLANG_WARN_SUSPICIOUS_MOVE = YES;
				CLANG_WARN_UNGUARDED_AVAILABILITY = YES_AGGRESSIVE;
				CLANG_WARN_UNREACHABLE_CODE = YES;
				CLANG_WARN__DUPLICATE_METHOD_MATCH = YES;
				COPY_PHASE_STRIP = NO;
				DEBUG_INFORMATION_FORMAT = dwarf;
				ENABLE_STRICT_OBJC_MSGSEND = YES;
				ENABLE_TESTABILITY = YES;
				GCC_C_LANGUAGE_STANDARD = gnu11;
				GCC_DYNAMIC_NO_PIC = NO;
				GCC_NO_COMMON_BLOCKS = YES;
				GCC_OPTIMIZATION_LEVEL = 0;
				GCC_PREPROCESSOR_DEFINITIONS = (
					"DEBUG=1",
					"$(inherited)",
				);
				GCC_WARN_64_TO_32_BIT_CONVERSION = YES;
				GCC_WARN_ABOUT_RETURN_TYPE = YES_ERROR;
				GCC_WARN_UNDECLARED_SELECTOR = YES;
				GCC_WARN_UNINITIALIZED_AUTOS = YES_AGGRESSIVE;
				GCC_WARN_UNUSED_FUNCTION = YES;
				GCC_WARN_UNUSED_VARIABLE = YES;
				IPHONEOS_DEPLOYMENT_TARGET = 15.5;
				MTL_ENABLE_DEBUG_INFO = INCLUDE_SOURCE;
				MTL_FAST_MATH = YES;
				ONLY_ACTIVE_ARCH = YES;
				SDKROOT = iphoneos;
				SWIFT_ACTIVE_COMPILATION_CONDITIONS = DEBUG;
				SWIFT_OPTIMIZATION_LEVEL = "-Onone";
			};
			name = Debug;
		};
		F1FF359D28412416002ED142 /* Release */ = {
			isa = XCBuildConfiguration;
			buildSettings = {
				ALWAYS_SEARCH_USER_PATHS = NO;
				CLANG_ANALYZER_NONNULL = YES;
				CLANG_ANALYZER_NUMBER_OBJECT_CONVERSION = YES_AGGRESSIVE;
				CLANG_CXX_LANGUAGE_STANDARD = "gnu++17";
				CLANG_ENABLE_MODULES = YES;
				CLANG_ENABLE_OBJC_ARC = YES;
				CLANG_ENABLE_OBJC_WEAK = YES;
				CLANG_WARN_BLOCK_CAPTURE_AUTORELEASING = YES;
				CLANG_WARN_BOOL_CONVERSION = YES;
				CLANG_WARN_COMMA = YES;
				CLANG_WARN_CONSTANT_CONVERSION = YES;
				CLANG_WARN_DEPRECATED_OBJC_IMPLEMENTATIONS = YES;
				CLANG_WARN_DIRECT_OBJC_ISA_USAGE = YES_ERROR;
				CLANG_WARN_DOCUMENTATION_COMMENTS = YES;
				CLANG_WARN_EMPTY_BODY = YES;
				CLANG_WARN_ENUM_CONVERSION = YES;
				CLANG_WARN_INFINITE_RECURSION = YES;
				CLANG_WARN_INT_CONVERSION = YES;
				CLANG_WARN_NON_LITERAL_NULL_CONVERSION = YES;
				CLANG_WARN_OBJC_IMPLICIT_RETAIN_SELF = YES;
				CLANG_WARN_OBJC_LITERAL_CONVERSION = YES;
				CLANG_WARN_OBJC_ROOT_CLASS = YES_ERROR;
				CLANG_WARN_QUOTED_INCLUDE_IN_FRAMEWORK_HEADER = YES;
				CLANG_WARN_RANGE_LOOP_ANALYSIS = YES;
				CLANG_WARN_STRICT_PROTOTYPES = YES;
				CLANG_WARN_SUSPICIOUS_MOVE = YES;
				CLANG_WARN_UNGUARDED_AVAILABILITY = YES_AGGRESSIVE;
				CLANG_WARN_UNREACHABLE_CODE = YES;
				CLANG_WARN__DUPLICATE_METHOD_MATCH = YES;
				COPY_PHASE_STRIP = NO;
				DEBUG_INFORMATION_FORMAT = "dwarf-with-dsym";
				ENABLE_NS_ASSERTIONS = NO;
				ENABLE_STRICT_OBJC_MSGSEND = YES;
				GCC_C_LANGUAGE_STANDARD = gnu11;
				GCC_NO_COMMON_BLOCKS = YES;
				GCC_WARN_64_TO_32_BIT_CONVERSION = YES;
				GCC_WARN_ABOUT_RETURN_TYPE = YES_ERROR;
				GCC_WARN_UNDECLARED_SELECTOR = YES;
				GCC_WARN_UNINITIALIZED_AUTOS = YES_AGGRESSIVE;
				GCC_WARN_UNUSED_FUNCTION = YES;
				GCC_WARN_UNUSED_VARIABLE = YES;
				IPHONEOS_DEPLOYMENT_TARGET = 15.5;
				MTL_ENABLE_DEBUG_INFO = NO;
				MTL_FAST_MATH = YES;
				SDKROOT = iphoneos;
				SWIFT_COMPILATION_MODE = wholemodule;
				SWIFT_OPTIMIZATION_LEVEL = "-O";
				VALIDATE_PRODUCT = YES;
			};
			name = Release;
		};
		F1FF359F28412416002ED142 /* Debug */ = {
			isa = XCBuildConfiguration;
			buildSettings = {
				ASSETCATALOG_COMPILER_APPICON_NAME = AppIcon;
				ASSETCATALOG_COMPILER_GLOBAL_ACCENT_COLOR_NAME = AccentColor;
				CODE_SIGN_STYLE = Automatic;
				CURRENT_PROJECT_VERSION = 1;
				GENERATE_INFOPLIST_FILE = YES;
				INFOPLIST_FILE = VM_app/Info.plist;
				INFOPLIST_KEY_UIApplicationSupportsIndirectInputEvents = YES;
				INFOPLIST_KEY_UILaunchStoryboardName = LaunchScreen;
				INFOPLIST_KEY_UIMainStoryboardFile = Main;
				INFOPLIST_KEY_UISupportedInterfaceOrientations_iPad = "UIInterfaceOrientationPortrait UIInterfaceOrientationPortraitUpsideDown UIInterfaceOrientationLandscapeLeft UIInterfaceOrientationLandscapeRight";
				INFOPLIST_KEY_UISupportedInterfaceOrientations_iPhone = "UIInterfaceOrientationPortrait UIInterfaceOrientationLandscapeLeft UIInterfaceOrientationLandscapeRight";
				LD_RUNPATH_SEARCH_PATHS = (
					"$(inherited)",
					"@executable_path/Frameworks",
				);
				MARKETING_VERSION = 1.0;
				PRODUCT_BUNDLE_IDENTIFIER = "aj.VM-app";
				PRODUCT_NAME = "$(TARGET_NAME)";
				SWIFT_EMIT_LOC_STRINGS = YES;
				SWIFT_VERSION = 5.0;
				TARGETED_DEVICE_FAMILY = "1,2";
			};
			name = Debug;
		};
		F1FF35A028412416002ED142 /* Release */ = {
			isa = XCBuildConfiguration;
			buildSettings = {
				ASSETCATALOG_COMPILER_APPICON_NAME = AppIcon;
				ASSETCATALOG_COMPILER_GLOBAL_ACCENT_COLOR_NAME = AccentColor;
				CODE_SIGN_STYLE = Automatic;
				CURRENT_PROJECT_VERSION = 1;
				GENERATE_INFOPLIST_FILE = YES;
				INFOPLIST_FILE = VM_app/Info.plist;
				INFOPLIST_KEY_UIApplicationSupportsIndirectInputEvents = YES;
				INFOPLIST_KEY_UILaunchStoryboardName = LaunchScreen;
				INFOPLIST_KEY_UIMainStoryboardFile = Main;
				INFOPLIST_KEY_UISupportedInterfaceOrientations_iPad = "UIInterfaceOrientationPortrait UIInterfaceOrientationPortraitUpsideDown UIInterfaceOrientationLandscapeLeft UIInterfaceOrientationLandscapeRight";
				INFOPLIST_KEY_UISupportedInterfaceOrientations_iPhone = "UIInterfaceOrientationPortrait UIInterfaceOrientationLandscapeLeft UIInterfaceOrientationLandscapeRight";
				LD_RUNPATH_SEARCH_PATHS = (
					"$(inherited)",
					"@executable_path/Frameworks",
				);
				MARKETING_VERSION = 1.0;
				PRODUCT_BUNDLE_IDENTIFIER = "aj.VM-app";
				PRODUCT_NAME = "$(TARGET_NAME)";
				SWIFT_EMIT_LOC_STRINGS = YES;
				SWIFT_VERSION = 5.0;
				TARGETED_DEVICE_FAMILY = "1,2";
			};
			name = Release;
		};
		F1FF35A228412416002ED142 /* Debug */ = {
			isa = XCBuildConfiguration;
			buildSettings = {
				ALWAYS_EMBED_SWIFT_STANDARD_LIBRARIES = YES;
				BUNDLE_LOADER = "$(TEST_HOST)";
				CODE_SIGN_STYLE = Automatic;
				CURRENT_PROJECT_VERSION = 1;
				GENERATE_INFOPLIST_FILE = YES;
				IPHONEOS_DEPLOYMENT_TARGET = 15.5;
				MARKETING_VERSION = 1.0;
				PRODUCT_BUNDLE_IDENTIFIER = "aj.VM-appTests";
				PRODUCT_NAME = "$(TARGET_NAME)";
				SWIFT_EMIT_LOC_STRINGS = NO;
				SWIFT_VERSION = 5.0;
				TARGETED_DEVICE_FAMILY = "1,2";
				TEST_HOST = "$(BUILT_PRODUCTS_DIR)/VM_app.app/VM_app";
			};
			name = Debug;
		};
		F1FF35A328412416002ED142 /* Release */ = {
			isa = XCBuildConfiguration;
			buildSettings = {
				ALWAYS_EMBED_SWIFT_STANDARD_LIBRARIES = YES;
				BUNDLE_LOADER = "$(TEST_HOST)";
				CODE_SIGN_STYLE = Automatic;
				CURRENT_PROJECT_VERSION = 1;
				GENERATE_INFOPLIST_FILE = YES;
				IPHONEOS_DEPLOYMENT_TARGET = 15.5;
				MARKETING_VERSION = 1.0;
				PRODUCT_BUNDLE_IDENTIFIER = "aj.VM-appTests";
				PRODUCT_NAME = "$(TARGET_NAME)";
				SWIFT_EMIT_LOC_STRINGS = NO;
				SWIFT_VERSION = 5.0;
				TARGETED_DEVICE_FAMILY = "1,2";
				TEST_HOST = "$(BUILT_PRODUCTS_DIR)/VM_app.app/VM_app";
			};
			name = Release;
		};
		F1FF35A528412416002ED142 /* Debug */ = {
			isa = XCBuildConfiguration;
			buildSettings = {
				ALWAYS_EMBED_SWIFT_STANDARD_LIBRARIES = YES;
				CODE_SIGN_STYLE = Automatic;
				CURRENT_PROJECT_VERSION = 1;
				GENERATE_INFOPLIST_FILE = YES;
				MARKETING_VERSION = 1.0;
				PRODUCT_BUNDLE_IDENTIFIER = "aj.VM-appUITests";
				PRODUCT_NAME = "$(TARGET_NAME)";
				SWIFT_EMIT_LOC_STRINGS = NO;
				SWIFT_VERSION = 5.0;
				TARGETED_DEVICE_FAMILY = "1,2";
				TEST_TARGET_NAME = VM_app;
			};
			name = Debug;
		};
		F1FF35A628412416002ED142 /* Release */ = {
			isa = XCBuildConfiguration;
			buildSettings = {
				ALWAYS_EMBED_SWIFT_STANDARD_LIBRARIES = YES;
				CODE_SIGN_STYLE = Automatic;
				CURRENT_PROJECT_VERSION = 1;
				GENERATE_INFOPLIST_FILE = YES;
				MARKETING_VERSION = 1.0;
				PRODUCT_BUNDLE_IDENTIFIER = "aj.VM-appUITests";
				PRODUCT_NAME = "$(TARGET_NAME)";
				SWIFT_EMIT_LOC_STRINGS = NO;
				SWIFT_VERSION = 5.0;
				TARGETED_DEVICE_FAMILY = "1,2";
				TEST_TARGET_NAME = VM_app;
			};
			name = Release;
		};
/* End XCBuildConfiguration section */

/* Begin XCConfigurationList section */
		F1FF356F28412416002ED142 /* Build configuration list for PBXProject "VM_app" */ = {
			isa = XCConfigurationList;
			buildConfigurations = (
				F1FF359C28412416002ED142 /* Debug */,
				F1FF359D28412416002ED142 /* Release */,
			);
			defaultConfigurationIsVisible = 0;
			defaultConfigurationName = Release;
		};
		F1FF359E28412416002ED142 /* Build configuration list for PBXNativeTarget "VM_app" */ = {
			isa = XCConfigurationList;
			buildConfigurations = (
				F1FF359F28412416002ED142 /* Debug */,
				F1FF35A028412416002ED142 /* Release */,
			);
			defaultConfigurationIsVisible = 0;
			defaultConfigurationName = Release;
		};
		F1FF35A128412416002ED142 /* Build configuration list for PBXNativeTarget "VM_appTests" */ = {
			isa = XCConfigurationList;
			buildConfigurations = (
				F1FF35A228412416002ED142 /* Debug */,
				F1FF35A328412416002ED142 /* Release */,
			);
			defaultConfigurationIsVisible = 0;
			defaultConfigurationName = Release;
		};
		F1FF35A428412416002ED142 /* Build configuration list for PBXNativeTarget "VM_appUITests" */ = {
			isa = XCConfigurationList;
			buildConfigurations = (
				F1FF35A528412416002ED142 /* Debug */,
				F1FF35A628412416002ED142 /* Release */,
			);
			defaultConfigurationIsVisible = 0;
			defaultConfigurationName = Release;
		};
/* End XCConfigurationList section */
	};
	rootObject = F1FF356C28412416002ED142 /* Project object */;
}
